# THIS IS AN AUTOGENERATED FILE. DO NOT EDIT THIS FILE DIRECTLY.
# yarn lockfile v1


"@tanstack/query-core@5.59.20":
  version "5.59.20"
  resolved "https://registry.yarnpkg.com/@tanstack/query-core/-/query-core-5.59.20.tgz#356718976536727b9af0ad1163a21fd6a44ee0a9"
  integrity sha512-e8vw0lf7KwfGe1if4uPFhvZRWULqHjFcz3K8AebtieXvnMOz5FSzlZe3mTLlPuUBcydCnBRqYs2YJ5ys68wwLg==

"@tanstack/query-devtools@5.59.20":
  version "5.59.20"
  resolved "https://registry.yarnpkg.com/@tanstack/query-devtools/-/query-devtools-5.59.20.tgz#a827ac682ec1268fc9c99e7b6eb739f35b5606aa"
  integrity sha512-vxhuQ+8VV4YWQSFxQLsuM+dnEKRY7VeRzpNabFXdhEwsBYLrjXlF1pM38A8WyKNLqZy8JjyRO8oP4Wd/oKHwuQ==

"@tanstack/react-query-devtools@^5.59.20":
  version "5.59.20"
  resolved "https://registry.yarnpkg.com/@tanstack/react-query-devtools/-/react-query-devtools-5.59.20.tgz#bdc1678af07042c96996f44b04b6f0e5d22a16d2"
  integrity sha512-AL/eQS1NFZhwwzq2Bq9Gd8wTTH+XhPNOJlDFpzPMu9NC5CQVgA0J8lWrte/sXpdWNo5KA4hgHnEdImZsF4h6Lw==
  dependencies:
    "@tanstack/query-devtools" "5.59.20"

"@tanstack/react-query@^5.59.20":
  version "5.59.20"
  resolved "https://registry.yarnpkg.com/@tanstack/react-query/-/react-query-5.59.20.tgz#bacf1983f44c5690bb99b518f2ef71dc2fa875a4"
  integrity sha512-Zly0egsK0tFdfSbh5/mapSa+Zfc3Et0Zkar7Wo5sQkFzWyB3p3uZWOHR2wrlAEEV2L953eLuDBtbgFvMYiLvUw==
  dependencies:
    "@tanstack/query-core" "5.59.20"
